
Microsoft Visual Studio Solution File, Format Version 12.00
# Visual Studio Version 17
VisualStudioVersion = 17.6.33815.320
MinimumVisualStudioVersion = 10.0.40219.1
Project("{FAE04EC0-301F-11D3-BF4B-00C04F79EFBC}") = "AutoDealership", "AutoDealership\AutoDealership.csproj", "{A99038FD-955D-4494-9F72-F1B713157802}"
EndProject
Project("{9A19103F-16F7-4668-BE54-9A1E7A4F7556}") = "AutoDealership.Tests", "AutoDealership.Tests\AutoDealership.Tests.csproj", "{5A45D7C5-0D33-40C6-B246-ADA642E1AAB5}"
EndProject
Project("{9A19103F-16F7-4668-BE54-9A1E7A4F7556}") = "AutoDealership.PerformanceTests", "AutoDealership.PerformanceTests\AutoDealership.PerformanceTests.csproj", "{7F60BF4F-29E1-4F02-98A1-6AD4A4E8097A}"
EndProject
Project("{FAE04EC0-301F-11D3-BF4B-00C04F79EFBC}") = "AutoDealership.SeleniumTests", "AutoDealership.SeleniumTests\AutoDealership.SeleniumTests.csproj", "{79E6C710-76F3-46E6-9141-EABFB0F93B89}"
EndProject
Global
	GlobalSection(SolutionConfigurationPlatforms) = preSolution
		Debug|Any CPU = Debug|Any CPU
		Release|Any CPU = Release|Any CPU
	EndGlobalSection
	GlobalSection(ProjectConfigurationPlatforms) = postSolution
		{A99038FD-955D-4494-9F72-F1B713157802}.Debug|Any CPU.ActiveCfg = Debug|Any CPU
		{A99038FD-955D-4494-9F72-F1B713157802}.Debug|Any CPU.Build.0 = Debug|Any CPU
		{A99038FD-955D-4494-9F72-F1B713157802}.Release|Any CPU.ActiveCfg = Release|Any CPU
		{A99038FD-955D-4494-9F72-F1B713157802}.Release|Any CPU.Build.0 = Release|Any CPU
		{5A45D7C5-0D33-40C6-B246-ADA642E1AAB5}.Debug|Any CPU.ActiveCfg = Debug|Any CPU
		{5A45D7C5-0D33-40C6-B246-ADA642E1AAB5}.Debug|Any CPU.Build.0 = Debug|Any CPU
		{5A45D7C5-0D33-40C6-B246-ADA642E1AAB5}.Release|Any CPU.ActiveCfg = Release|Any CPU
		{5A45D7C5-0D33-40C6-B246-ADA642E1AAB5}.Release|Any CPU.Build.0 = Release|Any CPU
		{7F60BF4F-29E1-4F02-98A1-6AD4A4E8097A}.Debug|Any CPU.ActiveCfg = Debug|Any CPU
		{7F60BF4F-29E1-4F02-98A1-6AD4A4E8097A}.Debug|Any CPU.Build.0 = Debug|Any CPU
		{7F60BF4F-29E1-4F02-98A1-6AD4A4E8097A}.Release|Any CPU.ActiveCfg = Release|Any CPU
		{7F60BF4F-29E1-4F02-98A1-6AD4A4E8097A}.Release|Any CPU.Build.0 = Release|Any CPU
		{79E6C710-76F3-46E6-9141-EABFB0F93B89}.Debug|Any CPU.ActiveCfg = Debug|Any CPU
		{79E6C710-76F3-46E6-9141-EABFB0F93B89}.Debug|Any CPU.Build.0 = Debug|Any CPU
		{79E6C710-76F3-46E6-9141-EABFB0F93B89}.Release|Any CPU.ActiveCfg = Release|Any CPU
		{79E6C710-76F3-46E6-9141-EABFB0F93B89}.Release|Any CPU.Build.0 = Release|Any CPU
	EndGlobalSection
	GlobalSection(SolutionProperties) = preSolution
		HideSolutionNode = FALSE
	EndGlobalSection
	GlobalSection(ExtensibilityGlobals) = postSolution
		SolutionGuid = {193DF720-30EB-49E3-9391-F3FB092EF9E0}
	EndGlobalSection
EndGlobal
